// !$*UTF8*$!
{
	archiveVersion = 1;
	classes = {
	};
	objectVersion = 46;
	objects = {

/* Begin PBXBuildFile section */
		4277B03C1A76EE9500664FF6 /* main.m in Sources */ = {isa = PBXBuildFile; fileRef = 4277B03B1A76EE9500664FF6 /* main.m */; };
		4277B03F1A76EE9500664FF6 /* AppDelegate.m in Sources */ = {isa = PBXBuildFile; fileRef = 4277B03E1A76EE9500664FF6 /* AppDelegate.m */; };
		4277B0451A76EE9500664FF6 /* Main.storyboard in Resources */ = {isa = PBXBuildFile; fileRef = 4277B0431A76EE9500664FF6 /* Main.storyboard */; };
		4277B0471A76EE9500664FF6 /* Images.xcassets in Resources */ = {isa = PBXBuildFile; fileRef = 4277B0461A76EE9500664FF6 /* Images.xcassets */; };
		4277B04A1A76EE9500664FF6 /* LaunchScreen.xib in Resources */ = {isa = PBXBuildFile; fileRef = 4277B0481A76EE9500664FF6 /* LaunchScreen.xib */; };
		4277B0561A76EE9500664FF6 /* ZipCodeTableTests.m in Sources */ = {isa = PBXBuildFile; fileRef = 4277B0551A76EE9500664FF6 /* ZipCodeTableTests.m */; };
		4277B0651A76EF2300664FF6 /* statedictionary.plist in Resources */ = {isa = PBXBuildFile; fileRef = 4277B05D1A76EF2300664FF6 /* statedictionary.plist */; };
		4277B0661A76EF2300664FF6 /* StateTableViewController.m in Sources */ = {isa = PBXBuildFile; fileRef = 4277B05F1A76EF2300664FF6 /* StateTableViewController.m */; };
		4277B0671A76EF2300664FF6 /* ZipCodeTableViewController.m in Sources */ = {isa = PBXBuildFile; fileRef = 4277B0611A76EF2300664FF6 /* ZipCodeTableViewController.m */; };
		4277B0681A76EF2300664FF6 /* ZipEditViewController.m in Sources */ = {isa = PBXBuildFile; fileRef = 4277B0641A76EF2300664FF6 /* ZipEditViewController.m */; };
/* End PBXBuildFile section */

/* Begin PBXContainerItemProxy section */
		4277B0501A76EE9500664FF6 /* PBXContainerItemProxy */ = {
			isa = PBXContainerItemProxy;
			containerPortal = 4277B02C1A76EE6100664FF6 /* Project object */;
			proxyType = 1;
			remoteGlobalIDString = 4277B0351A76EE9500664FF6;
			remoteInfo = ZipCodeTable;
		};
/* End PBXContainerItemProxy section */

/* Begin PBXFileReference section */
		4277B0361A76EE9500664FF6 /* ZipCodeTable.app */ = {isa = PBXFileReference; explicitFileType = wrapper.application; includeInIndex = 0; path = ZipCodeTable.app; sourceTree = BUILT_PRODUCTS_DIR; };
		4277B03A1A76EE9500664FF6 /* Info.plist */ = {isa = PBXFileReference; lastKnownFileType = text.plist.xml; path = Info.plist; sourceTree = "<group>"; };
		4277B03B1A76EE9500664FF6 /* main.m */ = {isa = PBXFileReference; lastKnownFileType = sourcecode.c.objc; path = main.m; sourceTree = "<group>"; };
		4277B03D1A76EE9500664FF6 /* AppDelegate.h */ = {isa = PBXFileReference; lastKnownFileType = sourcecode.c.h; path = AppDelegate.h; sourceTree = "<group>"; };
		4277B03E1A76EE9500664FF6 /* AppDelegate.m */ = {isa = PBXFileReference; lastKnownFileType = sourcecode.c.objc; path = AppDelegate.m; sourceTree = "<group>"; };
		4277B0441A76EE9500664FF6 /* Base */ = {isa = PBXFileReference; lastKnownFileType = file.storyboard; name = Base; path = Base.lproj/Main.storyboard; sourceTree = "<group>"; };
		4277B0461A76EE9500664FF6 /* Images.xcassets */ = {isa = PBXFileReference; lastKnownFileType = folder.assetcatalog; path = Images.xcassets; sourceTree = "<group>"; };
		4277B0491A76EE9500664FF6 /* Base */ = {isa = PBXFileReference; lastKnownFileType = file.xib; name = Base; path = Base.lproj/LaunchScreen.xib; sourceTree = "<group>"; };
		4277B04F1A76EE9500664FF6 /* ZipCodeTableTests.xctest */ = {isa = PBXFileReference; explicitFileType = wrapper.cfbundle; includeInIndex = 0; path = ZipCodeTableTests.xctest; sourceTree = BUILT_PRODUCTS_DIR; };
		4277B0541A76EE9500664FF6 /* Info.plist */ = {isa = PBXFileReference; lastKnownFileType = text.plist.xml; path = Info.plist; sourceTree = "<group>"; };
		4277B0551A76EE9500664FF6 /* ZipCodeTableTests.m */ = {isa = PBXFileReference; lastKnownFileType = sourcecode.c.objc; path = ZipCodeTableTests.m; sourceTree = "<group>"; };
		4277B05D1A76EF2300664FF6 /* statedictionary.plist */ = {isa = PBXFileReference; fileEncoding = 4; lastKnownFileType = text.plist.xml; path = statedictionary.plist; sourceTree = "<group>"; };
		4277B05E1A76EF2300664FF6 /* StateTableViewController.h */ = {isa = PBXFileReference; fileEncoding = 4; lastKnownFileType = sourcecode.c.h; path = StateTableViewController.h; sourceTree = "<group>"; };
		4277B05F1A76EF2300664FF6 /* StateTableViewController.m */ = {isa = PBXFileReference; fileEncoding = 4; lastKnownFileType = sourcecode.c.objc; path = StateTableViewController.m; sourceTree = "<group>"; };
		4277B0601A76EF2300664FF6 /* ZipCodeTableViewController.h */ = {isa = PBXFileReference; fileEncoding = 4; lastKnownFileType = sourcecode.c.h; path = ZipCodeTableViewController.h; sourceTree = "<group>"; };
		4277B0611A76EF2300664FF6 /* ZipCodeTableViewController.m */ = {isa = PBXFileReference; fileEncoding = 4; lastKnownFileType = sourcecode.c.objc; path = ZipCodeTableViewController.m; sourceTree = "<group>"; };
		4277B0621A76EF2300664FF6 /* ZipEditProtocol.h */ = {isa = PBXFileReference; fileEncoding = 4; lastKnownFileType = sourcecode.c.h; path = ZipEditProtocol.h; sourceTree = "<group>"; };
		4277B0631A76EF2300664FF6 /* ZipEditViewController.h */ = {isa = PBXFileReference; fileEncoding = 4; lastKnownFileType = sourcecode.c.h; path = ZipEditViewController.h; sourceTree = "<group>"; };
		4277B0641A76EF2300664FF6 /* ZipEditViewController.m */ = {isa = PBXFileReference; fileEncoding = 4; lastKnownFileType = sourcecode.c.objc; path = ZipEditViewController.m; sourceTree = "<group>"; };
/* End PBXFileReference section */

/* Begin PBXFrameworksBuildPhase section */
		4277B0331A76EE9500664FF6 /* Frameworks */ = {
			isa = PBXFrameworksBuildPhase;
			buildActionMask = 2147483647;
			files = (
			);
			runOnlyForDeploymentPostprocessing = 0;
		};
		4277B04C1A76EE9500664FF6 /* Frameworks */ = {
			isa = PBXFrameworksBuildPhase;
			buildActionMask = 2147483647;
			files = (
			);
			runOnlyForDeploymentPostprocessing = 0;
		};
/* End PBXFrameworksBuildPhase section */

/* Begin PBXGroup section */
		4277B02B1A76EE6100664FF6 = {
			isa = PBXGroup;
			children = (
				4277B0381A76EE9500664FF6 /* ZipCodeTable */,
				4277B0521A76EE9500664FF6 /* ZipCodeTableTests */,
				4277B0371A76EE9500664FF6 /* Products */,
			);
			sourceTree = "<group>";
		};
		4277B0371A76EE9500664FF6 /* Products */ = {
			isa = PBXGroup;
			children = (
				4277B0361A76EE9500664FF6 /* ZipCodeTable.app */,
				4277B04F1A76EE9500664FF6 /* ZipCodeTableTests.xctest */,
			);
			name = Products;
			sourceTree = "<group>";
		};
		4277B0381A76EE9500664FF6 /* ZipCodeTable */ = {
			isa = PBXGroup;
			children = (
				4277B03D1A76EE9500664FF6 /* AppDelegate.h */,
				4277B03E1A76EE9500664FF6 /* AppDelegate.m */,
				4277B0431A76EE9500664FF6 /* Main.storyboard */,
				4277B0621A76EF2300664FF6 /* ZipEditProtocol.h */,
				4277B05E1A76EF2300664FF6 /* StateTableViewController.h */,
				4277B05F1A76EF2300664FF6 /* StateTableViewController.m */,
				4277B0601A76EF2300664FF6 /* ZipCodeTableViewController.h */,
				4277B0611A76EF2300664FF6 /* ZipCodeTableViewController.m */,
				4277B0631A76EF2300664FF6 /* ZipEditViewController.h */,
				4277B0641A76EF2300664FF6 /* ZipEditViewController.m */,
				4277B0391A76EE9500664FF6 /* Supporting Files */,
			);
			path = ZipCodeTable;
			sourceTree = "<group>";
		};
		4277B0391A76EE9500664FF6 /* Supporting Files */ = {
			isa = PBXGroup;
			children = (
				4277B05D1A76EF2300664FF6 /* statedictionary.plist */,
				4277B0461A76EE9500664FF6 /* Images.xcassets */,
				4277B0481A76EE9500664FF6 /* LaunchScreen.xib */,
				4277B03A1A76EE9500664FF6 /* Info.plist */,
				4277B03B1A76EE9500664FF6 /* main.m */,
			);
			name = "Supporting Files";
			sourceTree = "<group>";
		};
		4277B0521A76EE9500664FF6 /* ZipCodeTableTests */ = {
			isa = PBXGroup;
			children = (
				4277B0551A76EE9500664FF6 /* ZipCodeTableTests.m */,
				4277B0531A76EE9500664FF6 /* Supporting Files */,
			);
			path = ZipCodeTableTests;
			sourceTree = "<group>";
		};
		4277B0531A76EE9500664FF6 /* Supporting Files */ = {
			isa = PBXGroup;
			children = (
				4277B0541A76EE9500664FF6 /* Info.plist */,
			);
			name = "Supporting Files";
			sourceTree = "<group>";
		};
/* End PBXGroup section */

/* Begin PBXNativeTarget section */
		4277B0351A76EE9500664FF6 /* ZipCodeTable */ = {
			isa = PBXNativeTarget;
			buildConfigurationList = 4277B0571A76EE9500664FF6 /* Build configuration list for PBXNativeTarget "ZipCodeTable" */;
			buildPhases = (
				4277B0321A76EE9500664FF6 /* Sources */,
				4277B0331A76EE9500664FF6 /* Frameworks */,
				4277B0341A76EE9500664FF6 /* Resources */,
			);
			buildRules = (
			);
			dependencies = (
			);
			name = ZipCodeTable;
			productName = ZipCodeTable;
			productReference = 4277B0361A76EE9500664FF6 /* ZipCodeTable.app */;
			productType = "com.apple.product-type.application";
		};
		4277B04E1A76EE9500664FF6 /* ZipCodeTableTests */ = {
			isa = PBXNativeTarget;
			buildConfigurationList = 4277B05A1A76EE9500664FF6 /* Build configuration list for PBXNativeTarget "ZipCodeTableTests" */;
			buildPhases = (
				4277B04B1A76EE9500664FF6 /* Sources */,
				4277B04C1A76EE9500664FF6 /* Frameworks */,
				4277B04D1A76EE9500664FF6 /* Resources */,
			);
			buildRules = (
			);
			dependencies = (
				4277B0511A76EE9500664FF6 /* PBXTargetDependency */,
			);
			name = ZipCodeTableTests;
			productName = ZipCodeTableTests;
			productReference = 4277B04F1A76EE9500664FF6 /* ZipCodeTableTests.xctest */;
			productType = "com.apple.product-type.bundle.unit-test";
		};
/* End PBXNativeTarget section */

/* Begin PBXProject section */
		4277B02C1A76EE6100664FF6 /* Project object */ = {
			isa = PBXProject;
			attributes = {
				LastUpgradeCheck = 0610;
				TargetAttributes = {
					4277B0351A76EE9500664FF6 = {
						CreatedOnToolsVersion = 6.1.1;
					};
					4277B04E1A76EE9500664FF6 = {
						CreatedOnToolsVersion = 6.1.1;
						TestTargetID = 4277B0351A76EE9500664FF6;
					};
				};
			};
			buildConfigurationList = 4277B02F1A76EE6100664FF6 /* Build configuration list for PBXProject "ZipCodeTableSingleProtocol" */;
			compatibilityVersion = "Xcode 3.2";
			developmentRegion = English;
			hasScannedForEncodings = 0;
			knownRegions = (
				en,
				Base,
			);
			mainGroup = 4277B02B1A76EE6100664FF6;
			productRefGroup = 4277B0371A76EE9500664FF6 /* Products */;
			projectDirPath = "";
			projectRoot = "";
			targets = (
				4277B0351A76EE9500664FF6 /* ZipCodeTable */,
				4277B04E1A76EE9500664FF6 /* ZipCodeTableTests */,
			);
		};
/* End PBXProject section */

/* Begin PBXResourcesBuildPhase section */
		4277B0341A76EE9500664FF6 /* Resources */ = {
			isa = PBXResourcesBuildPhase;
			buildActionMask = 2147483647;
			files = (
				4277B0451A76EE9500664FF6 /* Main.storyboard in Resources */,
				4277B04A1A76EE9500664FF6 /* LaunchScreen.xib in Resources */,
				4277B0651A76EF2300664FF6 /* statedictionary.plist in Resources */,
				4277B0471A76EE9500664FF6 /* Images.xcassets in Resources */,
			);
			runOnlyForDeploymentPostprocessing = 0;
		};
		4277B04D1A76EE9500664FF6 /* Resources */ = {
			isa = PBXResourcesBuildPhase;
			buildActionMask = 2147483647;
			files = (
			);
			runOnlyForDeploymentPostprocessing = 0;
		};
/* End PBXResourcesBuildPhase section */

/* Begin PBXSourcesBuildPhase section */
		4277B0321A76EE9500664FF6 /* Sources */ = {
			isa = PBXSourcesBuildPhase;
			buildActionMask = 2147483647;
			files = (
				4277B0681A76EF2300664FF6 /* ZipEditViewController.m in Sources */,
				4277B0671A76EF2300664FF6 /* ZipCodeTableViewController.m in Sources */,
				4277B03F1A76EE9500664FF6 /* AppDelegate.m in Sources */,
				4277B03C1A76EE9500664FF6 /* main.m in Sources */,
				4277B0661A76EF2300664FF6 /* StateTableViewController.m in Sources */,
			);
			runOnlyForDeploymentPostprocessing = 0;
		};
		4277B04B1A76EE9500664FF6 /* Sources */ = {
			isa = PBXSourcesBuildPhase;
			buildActionMask = 2147483647;
			files = (
				4277B0561A76EE9500664FF6 /* ZipCodeTableTests.m in Sources */,
			);
			runOnlyForDeploymentPostprocessing = 0;
		};
/* End PBXSourcesBuildPhase section */

/* Begin PBXTargetDependency section */
		4277B0511A76EE9500664FF6 /* PBXTargetDependency */ = {
			isa = PBXTargetDependency;
			target = 4277B0351A76EE9500664FF6 /* ZipCodeTable */;
			targetProxy = 4277B0501A76EE9500664FF6 /* PBXContainerItemProxy */;
		};
/* End PBXTargetDependency section */

/* Begin PBXVariantGroup section */
		4277B0431A76EE9500664FF6 /* Main.storyboard */ = {
			isa = PBXVariantGroup;
			children = (
				4277B0441A76EE9500664FF6 /* Base */,
			);
			name = Main.storyboard;
			sourceTree = "<group>";
		};
		4277B0481A76EE9500664FF6 /* LaunchScreen.xib */ = {
			isa = PBXVariantGroup;
			children = (
				4277B0491A76EE9500664FF6 /* Base */,
			);
			name = LaunchScreen.xib;
			sourceTree = "<group>";
		};
/* End PBXVariantGroup section */

/* Begin XCBuildConfiguration section */
		4277B0301A76EE6100664FF6 /* Debug */ = {
			isa = XCBuildConfiguration;
			buildSettings = {
			};
			name = Debug;
		};
		4277B0311A76EE6100664FF6 /* Release */ = {
			isa = XCBuildConfiguration;
			buildSettings = {
			};
			name = Release;
		};
		4277B0581A76EE9500664FF6 /* Debug */ = {
			isa = XCBuildConfiguration;
			buildSettings = {
				ALWAYS_SEARCH_USER_PATHS = NO;
				ASSETCATALOG_COMPILER_APPICON_NAME = AppIcon;
				CLANG_CXX_LANGUAGE_STANDARD = "gnu++0x";
				CLANG_CXX_LIBRARY = "libc++";
				CLANG_ENABLE_MODULES = YES;
				CLANG_ENABLE_OBJC_ARC = YES;
				CLANG_WARN_BOOL_CONVERSION = YES;
				CLANG_WARN_CONSTANT_CONVERSION = YES;
				CLANG_WARN_DIRECT_OBJC_ISA_USAGE = YES_ERROR;
				CLANG_WARN_EMPTY_BODY = YES;
				CLANG_WARN_ENUM_CONVERSION = YES;
				CLANG_WARN_INT_CONVERSION = YES;
				CLANG_WARN_OBJC_ROOT_CLASS = YES_ERROR;
				CLANG_WARN_UNREACHABLE_CODE = YES;
				CLANG_WARN__DUPLICATE_METHOD_MATCH = YES;
				"CODE_SIGN_IDENTITY[sdk=iphoneos*]" = "iPhone Developer";
				COPY_PHASE_STRIP = NO;
				ENABLE_STRICT_OBJC_MSGSEND = YES;
				GCC_C_LANGUAGE_STANDARD = gnu99;
				GCC_DYNAMIC_NO_PIC = NO;
				GCC_OPTIMIZATION_LEVEL = 0;
				GCC_PREPROCESSOR_DEFINITIONS = (
					"DEBUG=1",
					"$(inherited)",
				);
				GCC_SYMBOLS_PRIVATE_EXTERN = NO;
				GCC_WARN_64_TO_32_BIT_CONVERSION = YES;
				GCC_WARN_ABOUT_RETURN_TYPE = YES_ERROR;
				GCC_WARN_UNDECLARED_SELECTOR = YES;
				GCC_WARN_UNINITIALIZED_AUTOS = YES_AGGRESSIVE;
				GCC_WARN_UNUSED_FUNCTION = YES;
				GCC_WARN_UNUSED_VARIABLE = YES;
				INFOPLIST_FILE = ZipCodeTable/Info.plist;
				IPHONEOS_DEPLOYMENT_TARGET = 8.1;
				LD_RUNPATH_SEARCH_PATHS = "$(inherited) @executable_path/Frameworks";
				MTL_ENABLE_DEBUG_INFO = YES;
				ONLY_ACTIVE_ARCH = YES;
				PRODUCT_NAME = "$(TARGET_NAME)";
				SDKROOT = iphoneos;
				TARGETED_DEVICE_FAMILY = "1,2";
			};
			name = Debug;
		};
		4277B0591A76EE9500664FF6 /* Release */ = {
			isa = XCBuildConfiguration;
			buildSettings = {
				ALWAYS_SEARCH_USER_PATHS = NO;
				ASSETCATALOG_COMPILER_APPICON_NAME = AppIcon;
				CLANG_CXX_LANGUAGE_STANDARD = "gnu++0x";
				CLANG_CXX_LIBRARY = "libc++";
				CLANG_ENABLE_MODULES = YES;
				CLANG_ENABLE_OBJC_ARC = YES;
				CLANG_WARN_BOOL_CONVERSION = YES;
				CLANG_WARN_CONSTANT_CONVERSION = YES;
				CLANG_WARN_DIRECT_OBJC_ISA_USAGE = YES_ERROR;
				CLANG_WARN_EMPTY_BODY = YES;
				CLANG_WARN_ENUM_CONVERSION = YES;
				CLANG_WARN_INT_CONVERSION = YES;
				CLANG_WARN_OBJC_ROOT_CLASS = YES_ERROR;
				CLANG_WARN_UNREACHABLE_CODE = YES;
				CLANG_WARN__DUPLICATE_METHOD_MATCH = YES;
				"CODE_SIGN_IDENTITY[sdk=iphoneos*]" = "iPhone Developer";
				COPY_PHASE_STRIP = YES;
				ENABLE_NS_ASSERTIONS = NO;
				ENABLE_STRICT_OBJC_MSGSEND = YES;
				GCC_C_LANGUAGE_STANDARD = gnu99;
				GCC_WARN_64_TO_32_BIT_CONVERSION = YES;
				GCC_WARN_ABOUT_RETURN_TYPE = YES_ERROR;
				GCC_WARN_UNDECLARED_SELECTOR = YES;
				GCC_WARN_UNINITIALIZED_AUTOS = YES_AGGRESSIVE;
				GCC_WARN_UNUSED_FUNCTION = YES;
				GCC_WARN_UNUSED_VARIABLE = YES;
				INFOPLIST_FILE = ZipCodeTable/Info.plist;
				IPHONEOS_DEPLOYMENT_TARGET = 8.1;
				LD_RUNPATH_SEARCH_PATHS = "$(inherited) @executable_path/Frameworks";
				MTL_ENABLE_DEBUG_INFO = NO;
				PRODUCT_NAME = "$(TARGET_NAME)";
				SDKROOT = iphoneos;
				TARGETED_DEVICE_FAMILY = "1,2";
				VALIDATE_PRODUCT = YES;
			};
			name = Release;
		};
		4277B05B1A76EE9500664FF6 /* Debug */ = {
			isa = XCBuildConfiguration;
			buildSettings = {
				ALWAYS_SEARCH_USER_PATHS = NO;
				BUNDLE_LOADER = "$(TEST_HOST)";
				CLANG_CXX_LANGUAGE_STANDARD = "gnu++0x";
				CLANG_CXX_LIBRARY = "libc++";
				CLANG_ENABLE_MODULES = YES;
				CLANG_ENABLE_OBJC_ARC = YES;
				CLANG_WARN_BOOL_CONVERSION = YES;
				CLANG_WARN_CONSTANT_CONVERSION = YES;
				CLANG_WARN_DIRECT_OBJC_ISA_USAGE = YES_ERROR;
				CLANG_WARN_EMPTY_BODY = YES;
				CLANG_WARN_ENUM_CONVERSION = YES;
				CLANG_WARN_INT_CONVERSION = YES;
				CLANG_WARN_OBJC_ROOT_CLASS = YES_ERROR;
				CLANG_WARN_UNREACHABLE_CODE = YES;
				CLANG_WARN__DUPLICATE_METHOD_MATCH = YES;
				COPY_PHASE_STRIP = NO;
				ENABLE_STRICT_OBJC_MSGSEND = YES;
				FRAMEWORK_SEARCH_PATHS = (
					"$(SDKROOT)/Developer/Library/Frameworks",
					"$(inherited)",
				);
				GCC_C_LANGUAGE_STANDARD = gnu99;
				GCC_DYNAMIC_NO_PIC = NO;
				GCC_OPTIMIZATION_LEVEL = 0;
				GCC_PREPROCESSOR_DEFINITIONS = (
					"DEBUG=1",
					"$(inherited)",
				);
				GCC_SYMBOLS_PRIVATE_EXTERN = NO;
				GCC_WARN_64_TO_32_BIT_CONVERSION = YES;
				GCC_WARN_ABOUT_RETURN_TYPE = YES_ERROR;
				GCC_WARN_UNDECLARED_SELECTOR = YES;
				GCC_WARN_UNINITIALIZED_AUTOS = YES_AGGRESSIVE;
				GCC_WARN_UNUSED_FUNCTION = YES;
				GCC_WARN_UNUSED_VARIABLE = YES;
				INFOPLIST_FILE = ZipCodeTableTests/Info.plist;
				IPHONEOS_DEPLOYMENT_TARGET = 8.1;
				LD_RUNPATH_SEARCH_PATHS = "$(inherited) @executable_path/Frameworks @loader_path/Frameworks";
				MTL_ENABLE_DEBUG_INFO = YES;
				ONLY_ACTIVE_ARCH = YES;
				PRODUCT_NAME = "$(TARGET_NAME)";
				SDKROOT = iphoneos;
				TEST_HOST = "$(BUILT_PRODUCTS_DIR)/ZipCodeTable.app/ZipCodeTable";
			};
			name = Debug;
		};
		4277B05C1A76EE9500664FF6 /* Release */ = {
			isa = XCBuildConfiguration;
			buildSettings = {
				ALWAYS_SEARCH_USER_PATHS = NO;
				BUNDLE_LOADER = "$(TEST_HOST)";
				CLANG_CXX_LANGUAGE_STANDARD = "gnu++0x";
				CLANG_CXX_LIBRARY = "libc++";
				CLANG_ENABLE_MODULES = YES;
				CLANG_ENABLE_OBJC_ARC = YES;
				CLANG_WARN_BOOL_CONVERSION = YES;
				CLANG_WARN_CONSTANT_CONVERSION = YES;
				CLANG_WARN_DIRECT_OBJC_ISA_USAGE = YES_ERROR;
				CLANG_WARN_EMPTY_BODY = YES;
				CLANG_WARN_ENUM_CONVERSION = YES;
				CLANG_WARN_INT_CONVERSION = YES;
				CLANG_WARN_OBJC_ROOT_CLASS = YES_ERROR;
				CLANG_WARN_UNREACHABLE_CODE = YES;
				CLANG_WARN__DUPLICATE_METHOD_MATCH = YES;
				COPY_PHASE_STRIP = YES;
				ENABLE_NS_ASSERTIONS = NO;
				ENABLE_STRICT_OBJC_MSGSEND = YES;
				FRAMEWORK_SEARCH_PATHS = (
					"$(SDKROOT)/Developer/Library/Frameworks",
					"$(inherited)",
				);
				GCC_C_LANGUAGE_STANDARD = gnu99;
				GCC_WARN_64_TO_32_BIT_CONVERSION = YES;
				GCC_WARN_ABOUT_RETURN_TYPE = YES_ERROR;
				GCC_WARN_UNDECLARED_SELECTOR = YES;
				GCC_WARN_UNINITIALIZED_AUTOS = YES_AGGRESSIVE;
				GCC_WARN_UNUSED_FUNCTION = YES;
				GCC_WARN_UNUSED_VARIABLE = YES;
				INFOPLIST_FILE = ZipCodeTableTests/Info.plist;
				IPHONEOS_DEPLOYMENT_TARGET = 8.1;
				LD_RUNPATH_SEARCH_PATHS = "$(inherited) @executable_path/Frameworks @loader_path/Frameworks";
				MTL_ENABLE_DEBUG_INFO = NO;
				PRODUCT_NAME = "$(TARGET_NAME)";
				SDKROOT = iphoneos;
				TEST_HOST = "$(BUILT_PRODUCTS_DIR)/ZipCodeTable.app/ZipCodeTable";
				VALIDATE_PRODUCT = YES;
			};
			name = Release;
		};
/* End XCBuildConfiguration section */

/* Begin XCConfigurationList section */
		4277B02F1A76EE6100664FF6 /* Build configuration list for PBXProject "ZipCodeTableSingleProtocol" */ = {
			isa = XCConfigurationList;
			buildConfigurations = (
				4277B0301A76EE6100664FF6 /* Debug */,
				4277B0311A76EE6100664FF6 /* Release */,
			);
			defaultConfigurationIsVisible = 0;
			defaultConfigurationName = Release;
		};
		4277B0571A76EE9500664FF6 /* Build configuration list for PBXNativeTarget "ZipCodeTable" */ = {
			isa = XCConfigurationList;
			buildConfigurations = (
				4277B0581A76EE9500664FF6 /* Debug */,
				4277B0591A76EE9500664FF6 /* Release */,
			);
			defaultConfigurationIsVisible = 0;
			defaultConfigurationName = Release;
		};
		4277B05A1A76EE9500664FF6 /* Build configuration list for PBXNativeTarget "ZipCodeTableTests" */ = {
			isa = XCConfigurationList;
			buildConfigurations = (
				4277B05B1A76EE9500664FF6 /* Debug */,
				4277B05C1A76EE9500664FF6 /* Release */,
			);
			defaultConfigurationIsVisible = 0;
			defaultConfigurationName = Release;
		};
/* End XCConfigurationList section */
	};
	rootObject = 4277B02C1A76EE6100664FF6 /* Project object */;
}
